
Microsoft Visual Studio Solution File, Format Version 12.00
# Visual Studio 15
VisualStudioVersion = 15.0.28307.2092
MinimumVisualStudioVersion = 10.0.40219.1
Project("{FAE04EC0-301F-11D3-BF4B-00C04F79EFBC}") = "EmailSender", "EmailSender\EmailSender.csproj", "{695CB443-227A-4CD3-BEDF-EC48D910CB77}"
EndProject
Global
	GlobalSection(SolutionConfigurationPlatforms) = preSolution
		Debug|Any CPU = Debug|Any CPU
		Release|Any CPU = Release|Any CPU
	EndGlobalSection
	GlobalSection(ProjectConfigurationPlatforms) = postSolution
		{695CB443-227A-4CD3-BEDF-EC48D910CB77}.Debug|Any CPU.ActiveCfg = Debug|Any CPU
		{695CB443-227A-4CD3-BEDF-EC48D910CB77}.Debug|Any CPU.Build.0 = Debug|Any CPU
		{695CB443-227A-4CD3-BEDF-EC48D910CB77}.Release|Any CPU.ActiveCfg = Release|Any CPU
		{695CB443-227A-4CD3-BEDF-EC48D910CB77}.Release|Any CPU.Build.0 = Release|Any CPU
	EndGlobalSection
	GlobalSection(SolutionProperties) = preSolution
		HideSolutionNode = FALSE
	EndGlobalSection
	GlobalSection(ExtensibilityGlobals) = postSolution
		SolutionGuid = {318F1B52-E8D3-4A20-A6DB-764DDA80BF8E}
	EndGlobalSection
EndGlobal
